
Microsoft Visual Studio Solution File, Format Version 12.00
# Visual Studio 14
VisualStudioVersion = 14.0.24720.0
MinimumVisualStudioVersion = 10.0.40219.1
Project("{FAE04EC0-301F-11D3-BF4B-00C04F79EFBC}") = "DotCatalogue.API", "DotCatalogue.API\DotCatalogue.API.csproj", "{64CD9108-B4C5-40A9-A796-F220311837D2}"
EndProject
Project("{FAE04EC0-301F-11D3-BF4B-00C04F79EFBC}") = "DotCatalogue.Model", "DotCatalogue.Model\DotCatalogue.Model.csproj", "{39A8F610-3502-44C1-85F3-F0ED92AD874C}"
EndProject
Project("{FAE04EC0-301F-11D3-BF4B-00C04F79EFBC}") = "DotCatalogue.DataAccess", "DotCatalogue.DataAccess\DotCatalogue.DataAccess.csproj", "{338A9BA3-C77F-46E7-B2DB-357886497974}"
EndProject
Project("{FAE04EC0-301F-11D3-BF4B-00C04F79EFBC}") = "DotCatalogue.BusinessLogic", "DotCatalogue.BusinessLogic\DotCatalogue.BusinessLogic.csproj", "{F5672F00-AA39-4AD4-A1F2-3265791B7F4F}"
EndProject
Global
	GlobalSection(SolutionConfigurationPlatforms) = preSolution
		Debug|Any CPU = Debug|Any CPU
		Debug|x64 = Debug|x64
		Release|Any CPU = Release|Any CPU
		Release|x64 = Release|x64
	EndGlobalSection
	GlobalSection(ProjectConfigurationPlatforms) = postSolution
		{64CD9108-B4C5-40A9-A796-F220311837D2}.Debug|Any CPU.ActiveCfg = Debug|Any CPU
		{64CD9108-B4C5-40A9-A796-F220311837D2}.Debug|Any CPU.Build.0 = Debug|Any CPU
		{64CD9108-B4C5-40A9-A796-F220311837D2}.Debug|x64.ActiveCfg = Debug|x64
		{64CD9108-B4C5-40A9-A796-F220311837D2}.Debug|x64.Build.0 = Debug|x64
		{64CD9108-B4C5-40A9-A796-F220311837D2}.Release|Any CPU.ActiveCfg = Release|Any CPU
		{64CD9108-B4C5-40A9-A796-F220311837D2}.Release|Any CPU.Build.0 = Release|Any CPU
		{64CD9108-B4C5-40A9-A796-F220311837D2}.Release|x64.ActiveCfg = Release|x64
		{64CD9108-B4C5-40A9-A796-F220311837D2}.Release|x64.Build.0 = Release|x64
		{39A8F610-3502-44C1-85F3-F0ED92AD874C}.Debug|Any CPU.ActiveCfg = Debug|Any CPU
		{39A8F610-3502-44C1-85F3-F0ED92AD874C}.Debug|Any CPU.Build.0 = Debug|Any CPU
		{39A8F610-3502-44C1-85F3-F0ED92AD874C}.Debug|x64.ActiveCfg = Debug|x64
		{39A8F610-3502-44C1-85F3-F0ED92AD874C}.Debug|x64.Build.0 = Debug|x64
		{39A8F610-3502-44C1-85F3-F0ED92AD874C}.Release|Any CPU.ActiveCfg = Release|Any CPU
		{39A8F610-3502-44C1-85F3-F0ED92AD874C}.Release|Any CPU.Build.0 = Release|Any CPU
		{39A8F610-3502-44C1-85F3-F0ED92AD874C}.Release|x64.ActiveCfg = Release|x64
		{39A8F610-3502-44C1-85F3-F0ED92AD874C}.Release|x64.Build.0 = Release|x64
		{338A9BA3-C77F-46E7-B2DB-357886497974}.Debug|Any CPU.ActiveCfg = Debug|Any CPU
		{338A9BA3-C77F-46E7-B2DB-357886497974}.Debug|Any CPU.Build.0 = Debug|Any CPU
		{338A9BA3-C77F-46E7-B2DB-357886497974}.Debug|x64.ActiveCfg = Debug|x64
		{338A9BA3-C77F-46E7-B2DB-357886497974}.Debug|x64.Build.0 = Debug|x64
		{338A9BA3-C77F-46E7-B2DB-357886497974}.Release|Any CPU.ActiveCfg = Release|Any CPU
		{338A9BA3-C77F-46E7-B2DB-357886497974}.Release|Any CPU.Build.0 = Release|Any CPU
		{338A9BA3-C77F-46E7-B2DB-357886497974}.Release|x64.ActiveCfg = Release|x64
		{338A9BA3-C77F-46E7-B2DB-357886497974}.Release|x64.Build.0 = Release|x64
		{F5672F00-AA39-4AD4-A1F2-3265791B7F4F}.Debug|Any CPU.ActiveCfg = Debug|Any CPU
		{F5672F00-AA39-4AD4-A1F2-3265791B7F4F}.Debug|Any CPU.Build.0 = Debug|Any CPU
		{F5672F00-AA39-4AD4-A1F2-3265791B7F4F}.Debug|x64.ActiveCfg = Debug|x64
		{F5672F00-AA39-4AD4-A1F2-3265791B7F4F}.Debug|x64.Build.0 = Debug|x64
		{F5672F00-AA39-4AD4-A1F2-3265791B7F4F}.Release|Any CPU.ActiveCfg = Release|Any CPU
		{F5672F00-AA39-4AD4-A1F2-3265791B7F4F}.Release|Any CPU.Build.0 = Release|Any CPU
		{F5672F00-AA39-4AD4-A1F2-3265791B7F4F}.Release|x64.ActiveCfg = Release|x64
		{F5672F00-AA39-4AD4-A1F2-3265791B7F4F}.Release|x64.Build.0 = Release|x64
	EndGlobalSection
	GlobalSection(SolutionProperties) = preSolution
		HideSolutionNode = FALSE
	EndGlobalSection
EndGlobal
